{
  "markbot": "da090976156b56edd40f77f91ceab78524e05a1bd3a9c002c86bc3615a501f47",
  "index.html": "f7ed09a7815a96b1b2f5db9804a6e4d5c5896fa744e9fd3e3b351145ce266a5b",
  "js/grains.js": "949375478d1cb22588ed504d77bb18c441232d975185bf6f885de6ec0a38e4b6",
  "index-320.png": "daa456ed6a1c8402cf05ab3446ac617d1afb89fe79da28f33637b7edc62bb906"
}